
Microsoft Visual Studio Solution File, Format Version 12.00
# Visual Studio Version 17
VisualStudioVersion = 17.9.34728.123
MinimumVisualStudioVersion = 10.0.40219.1
Project("{8BC9CEB8-8B4A-11D0-8D11-00A0C91BC942}") = "hashingTableGPU_v2", "hashingTableGPU_v2.vcxproj", "{97B7BDBE-FBCF-439B-92B4-68895B40C38E}"
EndProject
Global
	GlobalSection(SolutionConfigurationPlatforms) = preSolution
		Debug|x64 = Debug|x64
		Release|x64 = Release|x64
	EndGlobalSection
	GlobalSection(ProjectConfigurationPlatforms) = postSolution
		{97B7BDBE-FBCF-439B-92B4-68895B40C38E}.Debug|x64.ActiveCfg = Debug|x64
		{97B7BDBE-FBCF-439B-92B4-68895B40C38E}.Debug|x64.Build.0 = Debug|x64
		{97B7BDBE-FBCF-439B-92B4-68895B40C38E}.Release|x64.ActiveCfg = Release|x64
		{97B7BDBE-FBCF-439B-92B4-68895B40C38E}.Release|x64.Build.0 = Release|x64
	EndGlobalSection
	GlobalSection(SolutionProperties) = preSolution
		HideSolutionNode = FALSE
	EndGlobalSection
	GlobalSection(ExtensibilityGlobals) = postSolution
		SolutionGuid = {10DF4973-9A46-4322-B550-4A4FEB8CF78B}
	EndGlobalSection
EndGlobal
